
Microsoft Visual Studio Solution File, Format Version 12.00
# Visual Studio Version 17
VisualStudioVersion = 17.6.33829.357
MinimumVisualStudioVersion = 10.0.40219.1
Project("{9A19103F-16F7-4668-BE54-9A1E7A4F7556}") = "Laboratorium 1", "Laboratorium 1\Laboratorium 1.csproj", "{4358AB3B-E809-4C45-B776-D23F064777D2}"
EndProject
Project("{9A19103F-16F7-4668-BE54-9A1E7A4F7556}") = "Laboratorium 2", "Laboratorium 2\Laboratorium 2.csproj", "{1E2F0DFB-BC0C-4A2D-84C5-7FBE2703665E}"
EndProject
Project("{FAE04EC0-301F-11D3-BF4B-00C04F79EFBC}") = "Laboratorium 3 - App", "Laboratorium 3 - App\Laboratorium 3 - App.csproj", "{119903CF-7B28-4E91-8AA8-A35F3E3FB64B}"
EndProject
Global
	GlobalSection(SolutionConfigurationPlatforms) = preSolution
		Debug|Any CPU = Debug|Any CPU
		Release|Any CPU = Release|Any CPU
	EndGlobalSection
	GlobalSection(ProjectConfigurationPlatforms) = postSolution
		{4358AB3B-E809-4C45-B776-D23F064777D2}.Debug|Any CPU.ActiveCfg = Debug|Any CPU
		{4358AB3B-E809-4C45-B776-D23F064777D2}.Debug|Any CPU.Build.0 = Debug|Any CPU
		{4358AB3B-E809-4C45-B776-D23F064777D2}.Release|Any CPU.ActiveCfg = Release|Any CPU
		{4358AB3B-E809-4C45-B776-D23F064777D2}.Release|Any CPU.Build.0 = Release|Any CPU
		{1E2F0DFB-BC0C-4A2D-84C5-7FBE2703665E}.Debug|Any CPU.ActiveCfg = Debug|Any CPU
		{1E2F0DFB-BC0C-4A2D-84C5-7FBE2703665E}.Debug|Any CPU.Build.0 = Debug|Any CPU
		{1E2F0DFB-BC0C-4A2D-84C5-7FBE2703665E}.Release|Any CPU.ActiveCfg = Release|Any CPU
		{1E2F0DFB-BC0C-4A2D-84C5-7FBE2703665E}.Release|Any CPU.Build.0 = Release|Any CPU
		{119903CF-7B28-4E91-8AA8-A35F3E3FB64B}.Debug|Any CPU.ActiveCfg = Debug|Any CPU
		{119903CF-7B28-4E91-8AA8-A35F3E3FB64B}.Debug|Any CPU.Build.0 = Debug|Any CPU
		{119903CF-7B28-4E91-8AA8-A35F3E3FB64B}.Release|Any CPU.ActiveCfg = Release|Any CPU
		{119903CF-7B28-4E91-8AA8-A35F3E3FB64B}.Release|Any CPU.Build.0 = Release|Any CPU
	EndGlobalSection
	GlobalSection(SolutionProperties) = preSolution
		HideSolutionNode = FALSE
	EndGlobalSection
	GlobalSection(ExtensibilityGlobals) = postSolution
		SolutionGuid = {40475937-7818-4E3D-B9DA-83DB3B0D316C}
	EndGlobalSection
EndGlobal
